
Microsoft Visual Studio Solution File, Format Version 12.00
# Visual Studio Version 17
VisualStudioVersion = 17.9.34622.214
MinimumVisualStudioVersion = 10.0.40219.1
Project("{FAE04EC0-301F-11D3-BF4B-00C04F79EFBC}") = "Taller3D", "23.2Taller3DLunes\Taller3D.csproj", "{DD35B7F5-609F-4DCA-9815-2DEFD3BE4076}"
EndProject
Global
	GlobalSection(SolutionConfigurationPlatforms) = preSolution
		Debug|Any CPU = Debug|Any CPU
		Release|Any CPU = Release|Any CPU
	EndGlobalSection
	GlobalSection(ProjectConfigurationPlatforms) = postSolution
		{DD35B7F5-609F-4DCA-9815-2DEFD3BE4076}.Debug|Any CPU.ActiveCfg = Debug|Any CPU
		{DD35B7F5-609F-4DCA-9815-2DEFD3BE4076}.Debug|Any CPU.Build.0 = Debug|Any CPU
		{DD35B7F5-609F-4DCA-9815-2DEFD3BE4076}.Release|Any CPU.ActiveCfg = Release|Any CPU
		{DD35B7F5-609F-4DCA-9815-2DEFD3BE4076}.Release|Any CPU.Build.0 = Release|Any CPU
	EndGlobalSection
	GlobalSection(SolutionProperties) = preSolution
		HideSolutionNode = FALSE
	EndGlobalSection
	GlobalSection(ExtensibilityGlobals) = postSolution
		SolutionGuid = {B930FA37-17D5-4D92-B6B6-93013500E419}
	EndGlobalSection
EndGlobal
